
Microsoft Visual Studio Solution File, Format Version 12.00
# Visual Studio 15
VisualStudioVersion = 15.0.28307.329
MinimumVisualStudioVersion = 10.0.40219.1
Project("{9A19103F-16F7-4668-BE54-9A1E7A4F7556}") = "ComputerSystemIntegration.Consumer", "Consumer\ComputerSystemIntegration.Consumer.csproj", "{DB3C0BE8-01AE-4303-87E0-91793226BA85}"
EndProject
Project("{9A19103F-16F7-4668-BE54-9A1E7A4F7556}") = "ComputerSystemIntegration.Sender", "Sender\ComputerSystemIntegration.Sender.csproj", "{29DB3C6A-2E4E-499B-9B30-EC5D4C147CDD}"
EndProject
Project("{9A19103F-16F7-4668-BE54-9A1E7A4F7556}") = "ComputerSystemIntegration.Domain", "ComputerSystemIntegration.Domain\ComputerSystemIntegration.Domain.csproj", "{C7130B25-9088-4997-8ED6-2F406C2F639D}"
EndProject
Project("{9A19103F-16F7-4668-BE54-9A1E7A4F7556}") = "ComputerSystemIntegration.DataRetriver", "WebDriver\ComputerSystemIntegration.DataRetriver.csproj", "{18FBA42C-765B-4AE2-AD63-19F1C2355029}"
EndProject
Project("{9A19103F-16F7-4668-BE54-9A1E7A4F7556}") = "ComputerSystemIntegration.DataAccess", "ComputerSystemIntegration.DataAccess\ComputerSystemIntegration.DataAccess.csproj", "{3D334D03-B65E-4E0D-8BFE-5A6A6F3327A6}"
EndProject
Project("{FAE04EC0-301F-11D3-BF4B-00C04F79EFBC}") = "ComputerSystemIntegration.GraphQLAPI", "ComputerSystemIntegration.GraphQLAPI\ComputerSystemIntegration.GraphQLAPI.csproj", "{9036D25F-DD14-4DB6-9B10-6354CB7879F4}"
EndProject
Global
	GlobalSection(SolutionConfigurationPlatforms) = preSolution
		Debug|Any CPU = Debug|Any CPU
		Release|Any CPU = Release|Any CPU
	EndGlobalSection
	GlobalSection(ProjectConfigurationPlatforms) = postSolution
		{DB3C0BE8-01AE-4303-87E0-91793226BA85}.Debug|Any CPU.ActiveCfg = Debug|Any CPU
		{DB3C0BE8-01AE-4303-87E0-91793226BA85}.Debug|Any CPU.Build.0 = Debug|Any CPU
		{DB3C0BE8-01AE-4303-87E0-91793226BA85}.Release|Any CPU.ActiveCfg = Release|Any CPU
		{DB3C0BE8-01AE-4303-87E0-91793226BA85}.Release|Any CPU.Build.0 = Release|Any CPU
		{29DB3C6A-2E4E-499B-9B30-EC5D4C147CDD}.Debug|Any CPU.ActiveCfg = Debug|Any CPU
		{29DB3C6A-2E4E-499B-9B30-EC5D4C147CDD}.Debug|Any CPU.Build.0 = Debug|Any CPU
		{29DB3C6A-2E4E-499B-9B30-EC5D4C147CDD}.Release|Any CPU.ActiveCfg = Release|Any CPU
		{29DB3C6A-2E4E-499B-9B30-EC5D4C147CDD}.Release|Any CPU.Build.0 = Release|Any CPU
		{C7130B25-9088-4997-8ED6-2F406C2F639D}.Debug|Any CPU.ActiveCfg = Debug|Any CPU
		{C7130B25-9088-4997-8ED6-2F406C2F639D}.Debug|Any CPU.Build.0 = Debug|Any CPU
		{C7130B25-9088-4997-8ED6-2F406C2F639D}.Release|Any CPU.ActiveCfg = Release|Any CPU
		{C7130B25-9088-4997-8ED6-2F406C2F639D}.Release|Any CPU.Build.0 = Release|Any CPU
		{18FBA42C-765B-4AE2-AD63-19F1C2355029}.Debug|Any CPU.ActiveCfg = Debug|Any CPU
		{18FBA42C-765B-4AE2-AD63-19F1C2355029}.Debug|Any CPU.Build.0 = Debug|Any CPU
		{18FBA42C-765B-4AE2-AD63-19F1C2355029}.Release|Any CPU.ActiveCfg = Release|Any CPU
		{18FBA42C-765B-4AE2-AD63-19F1C2355029}.Release|Any CPU.Build.0 = Release|Any CPU
		{3D334D03-B65E-4E0D-8BFE-5A6A6F3327A6}.Debug|Any CPU.ActiveCfg = Debug|Any CPU
		{3D334D03-B65E-4E0D-8BFE-5A6A6F3327A6}.Debug|Any CPU.Build.0 = Debug|Any CPU
		{3D334D03-B65E-4E0D-8BFE-5A6A6F3327A6}.Release|Any CPU.ActiveCfg = Release|Any CPU
		{3D334D03-B65E-4E0D-8BFE-5A6A6F3327A6}.Release|Any CPU.Build.0 = Release|Any CPU
		{9036D25F-DD14-4DB6-9B10-6354CB7879F4}.Debug|Any CPU.ActiveCfg = Debug|Any CPU
		{9036D25F-DD14-4DB6-9B10-6354CB7879F4}.Debug|Any CPU.Build.0 = Debug|Any CPU
		{9036D25F-DD14-4DB6-9B10-6354CB7879F4}.Release|Any CPU.ActiveCfg = Release|Any CPU
		{9036D25F-DD14-4DB6-9B10-6354CB7879F4}.Release|Any CPU.Build.0 = Release|Any CPU
	EndGlobalSection
	GlobalSection(SolutionProperties) = preSolution
		HideSolutionNode = FALSE
	EndGlobalSection
	GlobalSection(ExtensibilityGlobals) = postSolution
		SolutionGuid = {BE71C830-3347-403C-B1CF-9970008C7757}
	EndGlobalSection
EndGlobal
